
Microsoft Visual Studio Solution File, Format Version 12.00
# Visual Studio 15
VisualStudioVersion = 15.0.28307.106
MinimumVisualStudioVersion = 10.0.40219.1
Project("{FAE04EC0-301F-11D3-BF4B-00C04F79EFBC}") = "MahjongGame", "MahjongGame\MahjongGame.csproj", "{10303408-8D9F-4780-82F1-9D4F1F3F1C0C}"
EndProject
Global
	GlobalSection(SolutionConfigurationPlatforms) = preSolution
		Debug|Any CPU = Debug|Any CPU
		Release|Any CPU = Release|Any CPU
	EndGlobalSection
	GlobalSection(ProjectConfigurationPlatforms) = postSolution
		{10303408-8D9F-4780-82F1-9D4F1F3F1C0C}.Debug|Any CPU.ActiveCfg = Debug|Any CPU
		{10303408-8D9F-4780-82F1-9D4F1F3F1C0C}.Debug|Any CPU.Build.0 = Debug|Any CPU
		{10303408-8D9F-4780-82F1-9D4F1F3F1C0C}.Release|Any CPU.ActiveCfg = Release|Any CPU
		{10303408-8D9F-4780-82F1-9D4F1F3F1C0C}.Release|Any CPU.Build.0 = Release|Any CPU
	EndGlobalSection
	GlobalSection(SolutionProperties) = preSolution
		HideSolutionNode = FALSE
	EndGlobalSection
	GlobalSection(ExtensibilityGlobals) = postSolution
		SolutionGuid = {CDD182D8-31AF-4E52-A39B-EF6B61CC63A0}
	EndGlobalSection
EndGlobal
